// !$*UTF8*$!
{
	archiveVersion = 1;
	classes = {
	};
	objectVersion = 46;
	objects = {

/* Begin PBXBuildFile section */
		2F80F5321E11016F00883919 /* main.m in Sources */ = {isa = PBXBuildFile; fileRef = 2F80F5311E11016F00883919 /* main.m */; };
		2F80F5351E11016F00883919 /* AppDelegate.m in Sources */ = {isa = PBXBuildFile; fileRef = 2F80F5341E11016F00883919 /* AppDelegate.m */; };
		2F80F5381E11016F00883919 /* ViewController.m in Sources */ = {isa = PBXBuildFile; fileRef = 2F80F5371E11016F00883919 /* ViewController.m */; };
		2F80F53B1E11016F00883919 /* Main.storyboard in Resources */ = {isa = PBXBuildFile; fileRef = 2F80F5391E11016F00883919 /* Main.storyboard */; };
		2F80F53D1E11016F00883919 /* Assets.xcassets in Resources */ = {isa = PBXBuildFile; fileRef = 2F80F53C1E11016F00883919 /* Assets.xcassets */; };
		2F80F5401E11016F00883919 /* LaunchScreen.storyboard in Resources */ = {isa = PBXBuildFile; fileRef = 2F80F53E1E11016F00883919 /* LaunchScreen.storyboard */; };
		2F80F54B1E11017000883919 /* HellowordTests.m in Sources */ = {isa = PBXBuildFile; fileRef = 2F80F54A1E11017000883919 /* HellowordTests.m */; };
		2F80F5561E11017000883919 /* HellowordUITests.m in Sources */ = {isa = PBXBuildFile; fileRef = 2F80F5551E11017000883919 /* HellowordUITests.m */; };
/* End PBXBuildFile section */

/* Begin PBXContainerItemProxy section */
		2F80F5471E11017000883919 /* PBXContainerItemProxy */ = {
			isa = PBXContainerItemProxy;
			containerPortal = 2F80F5251E11016F00883919 /* Project object */;
			proxyType = 1;
			remoteGlobalIDString = 2F80F52C1E11016F00883919;
			remoteInfo = Helloword;
		};
		2F80F5521E11017000883919 /* PBXContainerItemProxy */ = {
			isa = PBXContainerItemProxy;
			containerPortal = 2F80F5251E11016F00883919 /* Project object */;
			proxyType = 1;
			remoteGlobalIDString = 2F80F52C1E11016F00883919;
			remoteInfo = Helloword;
		};
/* End PBXContainerItemProxy section */

/* Begin PBXFileReference section */
		2F80F52D1E11016F00883919 /* Helloword.app */ = {isa = PBXFileReference; explicitFileType = wrapper.application; includeInIndex = 0; path = Helloword.app; sourceTree = BUILT_PRODUCTS_DIR; };
		2F80F5311E11016F00883919 /* main.m */ = {isa = PBXFileReference; lastKnownFileType = sourcecode.c.objc; path = main.m; sourceTree = "<group>"; };
		2F80F5331E11016F00883919 /* AppDelegate.h */ = {isa = PBXFileReference; lastKnownFileType = sourcecode.c.h; path = AppDelegate.h; sourceTree = "<group>"; };
		2F80F5341E11016F00883919 /* AppDelegate.m */ = {isa = PBXFileReference; lastKnownFileType = sourcecode.c.objc; path = AppDelegate.m; sourceTree = "<group>"; };
		2F80F5361E11016F00883919 /* ViewController.h */ = {isa = PBXFileReference; lastKnownFileType = sourcecode.c.h; path = ViewController.h; sourceTree = "<group>"; };
		2F80F5371E11016F00883919 /* ViewController.m */ = {isa = PBXFileReference; lastKnownFileType = sourcecode.c.objc; path = ViewController.m; sourceTree = "<group>"; };
		2F80F53A1E11016F00883919 /* Base */ = {isa = PBXFileReference; lastKnownFileType = file.storyboard; name = Base; path = Base.lproj/Main.storyboard; sourceTree = "<group>"; };
		2F80F53C1E11016F00883919 /* Assets.xcassets */ = {isa = PBXFileReference; lastKnownFileType = folder.assetcatalog; path = Assets.xcassets; sourceTree = "<group>"; };
		2F80F53F1E11016F00883919 /* Base */ = {isa = PBXFileReference; lastKnownFileType = file.storyboard; name = Base; path = Base.lproj/LaunchScreen.storyboard; sourceTree = "<group>"; };
		2F80F5411E11016F00883919 /* Info.plist */ = {isa = PBXFileReference; lastKnownFileType = text.plist.xml; path = Info.plist; sourceTree = "<group>"; };
		2F80F5461E11017000883919 /* HellowordTests.xctest */ = {isa = PBXFileReference; explicitFileType = wrapper.cfbundle; includeInIndex = 0; path = HellowordTests.xctest; sourceTree = BUILT_PRODUCTS_DIR; };
		2F80F54A1E11017000883919 /* HellowordTests.m */ = {isa = PBXFileReference; lastKnownFileType = sourcecode.c.objc; path = HellowordTests.m; sourceTree = "<group>"; };
		2F80F54C1E11017000883919 /* Info.plist */ = {isa = PBXFileReference; lastKnownFileType = text.plist.xml; path = Info.plist; sourceTree = "<group>"; };
		2F80F5511E11017000883919 /* HellowordUITests.xctest */ = {isa = PBXFileReference; explicitFileType = wrapper.cfbundle; includeInIndex = 0; path = HellowordUITests.xctest; sourceTree = BUILT_PRODUCTS_DIR; };
		2F80F5551E11017000883919 /* HellowordUITests.m */ = {isa = PBXFileReference; lastKnownFileType = sourcecode.c.objc; path = HellowordUITests.m; sourceTree = "<group>"; };
		2F80F5571E11017000883919 /* Info.plist */ = {isa = PBXFileReference; lastKnownFileType = text.plist.xml; path = Info.plist; sourceTree = "<group>"; };
/* End PBXFileReference section */

/* Begin PBXFrameworksBuildPhase section */
		2F80F52A1E11016F00883919 /* Frameworks */ = {
			isa = PBXFrameworksBuildPhase;
			buildActionMask = 2147483647;
			files = (
			);
			runOnlyForDeploymentPostprocessing = 0;
		};
		2F80F5431E11017000883919 /* Frameworks */ = {
			isa = PBXFrameworksBuildPhase;
			buildActionMask = 2147483647;
			files = (
			);
			runOnlyForDeploymentPostprocessing = 0;
		};
		2F80F54E1E11017000883919 /* Frameworks */ = {
			isa = PBXFrameworksBuildPhase;
			buildActionMask = 2147483647;
			files = (
			);
			runOnlyForDeploymentPostprocessing = 0;
		};
/* End PBXFrameworksBuildPhase section */

/* Begin PBXGroup section */
		2F80F5241E11016F00883919 = {
			isa = PBXGroup;
			children = (
				2F80F52F1E11016F00883919 /* Helloword */,
				2F80F5491E11017000883919 /* HellowordTests */,
				2F80F5541E11017000883919 /* HellowordUITests */,
				2F80F52E1E11016F00883919 /* Products */,
			);
			sourceTree = "<group>";
		};
		2F80F52E1E11016F00883919 /* Products */ = {
			isa = PBXGroup;
			children = (
				2F80F52D1E11016F00883919 /* Helloword.app */,
				2F80F5461E11017000883919 /* HellowordTests.xctest */,
				2F80F5511E11017000883919 /* HellowordUITests.xctest */,
			);
			name = Products;
			sourceTree = "<group>";
		};
		2F80F52F1E11016F00883919 /* Helloword */ = {
			isa = PBXGroup;
			children = (
				2F80F5331E11016F00883919 /* AppDelegate.h */,
				2F80F5341E11016F00883919 /* AppDelegate.m */,
				2F80F5361E11016F00883919 /* ViewController.h */,
				2F80F5371E11016F00883919 /* ViewController.m */,
				2F80F5391E11016F00883919 /* Main.storyboard */,
				2F80F53C1E11016F00883919 /* Assets.xcassets */,
				2F80F53E1E11016F00883919 /* LaunchScreen.storyboard */,
				2F80F5411E11016F00883919 /* Info.plist */,
				2F80F5301E11016F00883919 /* Supporting Files */,
			);
			path = Helloword;
			sourceTree = "<group>";
		};
		2F80F5301E11016F00883919 /* Supporting Files */ = {
			isa = PBXGroup;
			children = (
				2F80F5311E11016F00883919 /* main.m */,
			);
			name = "Supporting Files";
			sourceTree = "<group>";
		};
		2F80F5491E11017000883919 /* HellowordTests */ = {
			isa = PBXGroup;
			children = (
				2F80F54A1E11017000883919 /* HellowordTests.m */,
				2F80F54C1E11017000883919 /* Info.plist */,
			);
			path = HellowordTests;
			sourceTree = "<group>";
		};
		2F80F5541E11017000883919 /* HellowordUITests */ = {
			isa = PBXGroup;
			children = (
				2F80F5551E11017000883919 /* HellowordUITests.m */,
				2F80F5571E11017000883919 /* Info.plist */,
			);
			path = HellowordUITests;
			sourceTree = "<group>";
		};
/* End PBXGroup section */

/* Begin PBXNativeTarget section */
		2F80F52C1E11016F00883919 /* Helloword */ = {
			isa = PBXNativeTarget;
			buildConfigurationList = 2F80F55A1E11017000883919 /* Build configuration list for PBXNativeTarget "Helloword" */;
			buildPhases = (
				2F80F5291E11016F00883919 /* Sources */,
				2F80F52A1E11016F00883919 /* Frameworks */,
				2F80F52B1E11016F00883919 /* Resources */,
			);
			buildRules = (
			);
			dependencies = (
			);
			name = Helloword;
			productName = Helloword;
			productReference = 2F80F52D1E11016F00883919 /* Helloword.app */;
			productType = "com.apple.product-type.application";
		};
		2F80F5451E11017000883919 /* HellowordTests */ = {
			isa = PBXNativeTarget;
			buildConfigurationList = 2F80F55D1E11017000883919 /* Build configuration list for PBXNativeTarget "HellowordTests" */;
			buildPhases = (
				2F80F5421E11017000883919 /* Sources */,
				2F80F5431E11017000883919 /* Frameworks */,
				2F80F5441E11017000883919 /* Resources */,
			);
			buildRules = (
			);
			dependencies = (
				2F80F5481E11017000883919 /* PBXTargetDependency */,
			);
			name = HellowordTests;
			productName = HellowordTests;
			productReference = 2F80F5461E11017000883919 /* HellowordTests.xctest */;
			productType = "com.apple.product-type.bundle.unit-test";
		};
		2F80F5501E11017000883919 /* HellowordUITests */ = {
			isa = PBXNativeTarget;
			buildConfigurationList = 2F80F5601E11017000883919 /* Build configuration list for PBXNativeTarget "HellowordUITests" */;
			buildPhases = (
				2F80F54D1E11017000883919 /* Sources */,
				2F80F54E1E11017000883919 /* Frameworks */,
				2F80F54F1E11017000883919 /* Resources */,
			);
			buildRules = (
			);
			dependencies = (
				2F80F5531E11017000883919 /* PBXTargetDependency */,
			);
			name = HellowordUITests;
			productName = HellowordUITests;
			productReference = 2F80F5511E11017000883919 /* HellowordUITests.xctest */;
			productType = "com.apple.product-type.bundle.ui-testing";
		};
/* End PBXNativeTarget section */

/* Begin PBXProject section */
		2F80F5251E11016F00883919 /* Project object */ = {
			isa = PBXProject;
			attributes = {
				LastUpgradeCheck = 0800;
				ORGANIZATIONNAME = www.visualogies.com;
				TargetAttributes = {
					2F80F52C1E11016F00883919 = {
						CreatedOnToolsVersion = 8.0;
						DevelopmentTeam = 7C42L52533;
						ProvisioningStyle = Automatic;
					};
					2F80F5451E11017000883919 = {
						CreatedOnToolsVersion = 8.0;
						DevelopmentTeam = 7C42L52533;
						ProvisioningStyle = Automatic;
						TestTargetID = 2F80F52C1E11016F00883919;
					};
					2F80F5501E11017000883919 = {
						CreatedOnToolsVersion = 8.0;
						DevelopmentTeam = 7C42L52533;
						ProvisioningStyle = Automatic;
						TestTargetID = 2F80F52C1E11016F00883919;
					};
				};
			};
			buildConfigurationList = 2F80F5281E11016F00883919 /* Build configuration list for PBXProject "Helloword" */;
			compatibilityVersion = "Xcode 3.2";
			developmentRegion = English;
			hasScannedForEncodings = 0;
			knownRegions = (
				en,
				Base,
			);
			mainGroup = 2F80F5241E11016F00883919;
			productRefGroup = 2F80F52E1E11016F00883919 /* Products */;
			projectDirPath = "";
			projectRoot = "";
			targets = (
				2F80F52C1E11016F00883919 /* Helloword */,
				2F80F5451E11017000883919 /* HellowordTests */,
				2F80F5501E11017000883919 /* HellowordUITests */,
			);
		};
/* End PBXProject section */

/* Begin PBXResourcesBuildPhase section */
		2F80F52B1E11016F00883919 /* Resources */ = {
			isa = PBXResourcesBuildPhase;
			buildActionMask = 2147483647;
			files = (
				2F80F5401E11016F00883919 /* LaunchScreen.storyboard in Resources */,
				2F80F53D1E11016F00883919 /* Assets.xcassets in Resources */,
				2F80F53B1E11016F00883919 /* Main.storyboard in Resources */,
			);
			runOnlyForDeploymentPostprocessing = 0;
		};
		2F80F5441E11017000883919 /* Resources */ = {
			isa = PBXResourcesBuildPhase;
			buildActionMask = 2147483647;
			files = (
			);
			runOnlyForDeploymentPostprocessing = 0;
		};
		2F80F54F1E11017000883919 /* Resources */ = {
			isa = PBXResourcesBuildPhase;
			buildActionMask = 2147483647;
			files = (
			);
			runOnlyForDeploymentPostprocessing = 0;
		};
/* End PBXResourcesBuildPhase section */

/* Begin PBXSourcesBuildPhase section */
		2F80F5291E11016F00883919 /* Sources */ = {
			isa = PBXSourcesBuildPhase;
			buildActionMask = 2147483647;
			files = (
				2F80F5381E11016F00883919 /* ViewController.m in Sources */,
				2F80F5351E11016F00883919 /* AppDelegate.m in Sources */,
				2F80F5321E11016F00883919 /* main.m in Sources */,
			);
			runOnlyForDeploymentPostprocessing = 0;
		};
		2F80F5421E11017000883919 /* Sources */ = {
			isa = PBXSourcesBuildPhase;
			buildActionMask = 2147483647;
			files = (
				2F80F54B1E11017000883919 /* HellowordTests.m in Sources */,
			);
			runOnlyForDeploymentPostprocessing = 0;
		};
		2F80F54D1E11017000883919 /* Sources */ = {
			isa = PBXSourcesBuildPhase;
			buildActionMask = 2147483647;
			files = (
				2F80F5561E11017000883919 /* HellowordUITests.m in Sources */,
			);
			runOnlyForDeploymentPostprocessing = 0;
		};
/* End PBXSourcesBuildPhase section */

/* Begin PBXTargetDependency section */
		2F80F5481E11017000883919 /* PBXTargetDependency */ = {
			isa = PBXTargetDependency;
			target = 2F80F52C1E11016F00883919 /* Helloword */;
			targetProxy = 2F80F5471E11017000883919 /* PBXContainerItemProxy */;
		};
		2F80F5531E11017000883919 /* PBXTargetDependency */ = {
			isa = PBXTargetDependency;
			target = 2F80F52C1E11016F00883919 /* Helloword */;
			targetProxy = 2F80F5521E11017000883919 /* PBXContainerItemProxy */;
		};
/* End PBXTargetDependency section */

/* Begin PBXVariantGroup section */
		2F80F5391E11016F00883919 /* Main.storyboard */ = {
			isa = PBXVariantGroup;
			children = (
				2F80F53A1E11016F00883919 /* Base */,
			);
			name = Main.storyboard;
			sourceTree = "<group>";
		};
		2F80F53E1E11016F00883919 /* LaunchScreen.storyboard */ = {
			isa = PBXVariantGroup;
			children = (
				2F80F53F1E11016F00883919 /* Base */,
			);
			name = LaunchScreen.storyboard;
			sourceTree = "<group>";
		};
/* End PBXVariantGroup section */

/* Begin XCBuildConfiguration section */
		2F80F5581E11017000883919 /* Debug */ = {
			isa = XCBuildConfiguration;
			buildSettings = {
				ALWAYS_SEARCH_USER_PATHS = NO;
				CLANG_ANALYZER_NONNULL = YES;
				CLANG_CXX_LANGUAGE_STANDARD = "gnu++0x";
				CLANG_CXX_LIBRARY = "libc++";
				CLANG_ENABLE_MODULES = YES;
				CLANG_ENABLE_OBJC_ARC = YES;
				CLANG_WARN_BOOL_CONVERSION = YES;
				CLANG_WARN_CONSTANT_CONVERSION = YES;
				CLANG_WARN_DIRECT_OBJC_ISA_USAGE = YES_ERROR;
				CLANG_WARN_DOCUMENTATION_COMMENTS = YES;
				CLANG_WARN_EMPTY_BODY = YES;
				CLANG_WARN_ENUM_CONVERSION = YES;
				CLANG_WARN_INFINITE_RECURSION = YES;
				CLANG_WARN_INT_CONVERSION = YES;
				CLANG_WARN_OBJC_ROOT_CLASS = YES_ERROR;
				CLANG_WARN_SUSPICIOUS_MOVES = YES;
				CLANG_WARN_UNREACHABLE_CODE = YES;
				CLANG_WARN__DUPLICATE_METHOD_MATCH = YES;
				"CODE_SIGN_IDENTITY[sdk=iphoneos*]" = "iPhone Developer";
				COPY_PHASE_STRIP = NO;
				DEBUG_INFORMATION_FORMAT = dwarf;
				ENABLE_STRICT_OBJC_MSGSEND = YES;
				ENABLE_TESTABILITY = YES;
				GCC_C_LANGUAGE_STANDARD = gnu99;
				GCC_DYNAMIC_NO_PIC = NO;
				GCC_NO_COMMON_BLOCKS = YES;
				GCC_OPTIMIZATION_LEVEL = 0;
				GCC_PREPROCESSOR_DEFINITIONS = (
					"DEBUG=1",
					"$(inherited)",
				);
				GCC_WARN_64_TO_32_BIT_CONVERSION = YES;
				GCC_WARN_ABOUT_RETURN_TYPE = YES_ERROR;
				GCC_WARN_UNDECLARED_SELECTOR = YES;
				GCC_WARN_UNINITIALIZED_AUTOS = YES_AGGRESSIVE;
				GCC_WARN_UNUSED_FUNCTION = YES;
				GCC_WARN_UNUSED_VARIABLE = YES;
				IPHONEOS_DEPLOYMENT_TARGET = 10.0;
				MTL_ENABLE_DEBUG_INFO = YES;
				ONLY_ACTIVE_ARCH = YES;
				SDKROOT = iphoneos;
				TARGETED_DEVICE_FAMILY = "1,2";
			};
			name = Debug;
		};
		2F80F5591E11017000883919 /* Release */ = {
			isa = XCBuildConfiguration;
			buildSettings = {
				ALWAYS_SEARCH_USER_PATHS = NO;
				CLANG_ANALYZER_NONNULL = YES;
				CLANG_CXX_LANGUAGE_STANDARD = "gnu++0x";
				CLANG_CXX_LIBRARY = "libc++";
				CLANG_ENABLE_MODULES = YES;
				CLANG_ENABLE_OBJC_ARC = YES;
				CLANG_WARN_BOOL_CONVERSION = YES;
				CLANG_WARN_CONSTANT_CONVERSION = YES;
				CLANG_WARN_DIRECT_OBJC_ISA_USAGE = YES_ERROR;
				CLANG_WARN_DOCUMENTATION_COMMENTS = YES;
				CLANG_WARN_EMPTY_BODY = YES;
				CLANG_WARN_ENUM_CONVERSION = YES;
				CLANG_WARN_INFINITE_RECURSION = YES;
				CLANG_WARN_INT_CONVERSION = YES;
				CLANG_WARN_OBJC_ROOT_CLASS = YES_ERROR;
				CLANG_WARN_SUSPICIOUS_MOVES = YES;
				CLANG_WARN_UNREACHABLE_CODE = YES;
				CLANG_WARN__DUPLICATE_METHOD_MATCH = YES;
				"CODE_SIGN_IDENTITY[sdk=iphoneos*]" = "iPhone Developer";
				COPY_PHASE_STRIP = NO;
				DEBUG_INFORMATION_FORMAT = "dwarf-with-dsym";
				ENABLE_NS_ASSERTIONS = NO;
				ENABLE_STRICT_OBJC_MSGSEND = YES;
				GCC_C_LANGUAGE_STANDARD = gnu99;
				GCC_NO_COMMON_BLOCKS = YES;
				GCC_WARN_64_TO_32_BIT_CONVERSION = YES;
				GCC_WARN_ABOUT_RETURN_TYPE = YES_ERROR;
				GCC_WARN_UNDECLARED_SELECTOR = YES;
				GCC_WARN_UNINITIALIZED_AUTOS = YES_AGGRESSIVE;
				GCC_WARN_UNUSED_FUNCTION = YES;
				GCC_WARN_UNUSED_VARIABLE = YES;
				IPHONEOS_DEPLOYMENT_TARGET = 10.0;
				MTL_ENABLE_DEBUG_INFO = NO;
				SDKROOT = iphoneos;
				TARGETED_DEVICE_FAMILY = "1,2";
				VALIDATE_PRODUCT = YES;
			};
			name = Release;
		};
		2F80F55B1E11017000883919 /* Debug */ = {
			isa = XCBuildConfiguration;
			buildSettings = {
				ASSETCATALOG_COMPILER_APPICON_NAME = AppIcon;
				DEVELOPMENT_TEAM = 7C42L52533;
				INFOPLIST_FILE = Helloword/Info.plist;
				LD_RUNPATH_SEARCH_PATHS = "$(inherited) @executable_path/Frameworks";
				PRODUCT_BUNDLE_IDENTIFIER = com.visualogies.Helloword;
				PRODUCT_NAME = "$(TARGET_NAME)";
			};
			name = Debug;
		};
		2F80F55C1E11017000883919 /* Release */ = {
			isa = XCBuildConfiguration;
			buildSettings = {
				ASSETCATALOG_COMPILER_APPICON_NAME = AppIcon;
				DEVELOPMENT_TEAM = 7C42L52533;
				INFOPLIST_FILE = Helloword/Info.plist;
				LD_RUNPATH_SEARCH_PATHS = "$(inherited) @executable_path/Frameworks";
				PRODUCT_BUNDLE_IDENTIFIER = com.visualogies.Helloword;
				PRODUCT_NAME = "$(TARGET_NAME)";
			};
			name = Release;
		};
		2F80F55E1E11017000883919 /* Debug */ = {
			isa = XCBuildConfiguration;
			buildSettings = {
				BUNDLE_LOADER = "$(TEST_HOST)";
				DEVELOPMENT_TEAM = 7C42L52533;
				INFOPLIST_FILE = HellowordTests/Info.plist;
				LD_RUNPATH_SEARCH_PATHS = "$(inherited) @executable_path/Frameworks @loader_path/Frameworks";
				PRODUCT_BUNDLE_IDENTIFIER = com.visualogies.HellowordTests;
				PRODUCT_NAME = "$(TARGET_NAME)";
				TEST_HOST = "$(BUILT_PRODUCTS_DIR)/Helloword.app/Helloword";
			};
			name = Debug;
		};
		2F80F55F1E11017000883919 /* Release */ = {
			isa = XCBuildConfiguration;
			buildSettings = {
				BUNDLE_LOADER = "$(TEST_HOST)";
				DEVELOPMENT_TEAM = 7C42L52533;
				INFOPLIST_FILE = HellowordTests/Info.plist;
				LD_RUNPATH_SEARCH_PATHS = "$(inherited) @executable_path/Frameworks @loader_path/Frameworks";
				PRODUCT_BUNDLE_IDENTIFIER = com.visualogies.HellowordTests;
				PRODUCT_NAME = "$(TARGET_NAME)";
				TEST_HOST = "$(BUILT_PRODUCTS_DIR)/Helloword.app/Helloword";
			};
			name = Release;
		};
		2F80F5611E11017000883919 /* Debug */ = {
			isa = XCBuildConfiguration;
			buildSettings = {
				DEVELOPMENT_TEAM = 7C42L52533;
				INFOPLIST_FILE = HellowordUITests/Info.plist;
				LD_RUNPATH_SEARCH_PATHS = "$(inherited) @executable_path/Frameworks @loader_path/Frameworks";
				PRODUCT_BUNDLE_IDENTIFIER = com.visualogies.HellowordUITests;
				PRODUCT_NAME = "$(TARGET_NAME)";
				TEST_TARGET_NAME = Helloword;
			};
			name = Debug;
		};
		2F80F5621E11017000883919 /* Release */ = {
			isa = XCBuildConfiguration;
			buildSettings = {
				DEVELOPMENT_TEAM = 7C42L52533;
				INFOPLIST_FILE = HellowordUITests/Info.plist;
				LD_RUNPATH_SEARCH_PATHS = "$(inherited) @executable_path/Frameworks @loader_path/Frameworks";
				PRODUCT_BUNDLE_IDENTIFIER = com.visualogies.HellowordUITests;
				PRODUCT_NAME = "$(TARGET_NAME)";
				TEST_TARGET_NAME = Helloword;
			};
			name = Release;
		};
/* End XCBuildConfiguration section */

/* Begin XCConfigurationList section */
		2F80F5281E11016F00883919 /* Build configuration list for PBXProject "Helloword" */ = {
			isa = XCConfigurationList;
			buildConfigurations = (
				2F80F5581E11017000883919 /* Debug */,
				2F80F5591E11017000883919 /* Release */,
			);
			defaultConfigurationIsVisible = 0;
			defaultConfigurationName = Release;
		};
		2F80F55A1E11017000883919 /* Build configuration list for PBXNativeTarget "Helloword" */ = {
			isa = XCConfigurationList;
			buildConfigurations = (
				2F80F55B1E11017000883919 /* Debug */,
				2F80F55C1E11017000883919 /* Release */,
			);
			defaultConfigurationIsVisible = 0;
		};
		2F80F55D1E11017000883919 /* Build configuration list for PBXNativeTarget "HellowordTests" */ = {
			isa = XCConfigurationList;
			buildConfigurations = (
				2F80F55E1E11017000883919 /* Debug */,
				2F80F55F1E11017000883919 /* Release */,
			);
			defaultConfigurationIsVisible = 0;
		};
		2F80F5601E11017000883919 /* Build configuration list for PBXNativeTarget "HellowordUITests" */ = {
			isa = XCConfigurationList;
			buildConfigurations = (
				2F80F5611E11017000883919 /* Debug */,
				2F80F5621E11017000883919 /* Release */,
			);
			defaultConfigurationIsVisible = 0;
		};
/* End XCConfigurationList section */
	};
	rootObject = 2F80F5251E11016F00883919 /* Project object */;
}
